
Microsoft Visual Studio Solution File, Format Version 11.00
# Visual Studio 2010
Project("{8BC9CEB8-8B4A-11D0-8D11-00A0C91BC942}") = "erro.arredondamento.02", "erro.arredondamento.02\erro.arredondamento.02.vcxproj", "{102880CC-169D-4ABA-A22E-77707E3A6397}"
EndProject
Global
	GlobalSection(SolutionConfigurationPlatforms) = preSolution
		Debug|Win32 = Debug|Win32
		Release|Win32 = Release|Win32
	EndGlobalSection
	GlobalSection(ProjectConfigurationPlatforms) = postSolution
		{102880CC-169D-4ABA-A22E-77707E3A6397}.Debug|Win32.ActiveCfg = Debug|Win32
		{102880CC-169D-4ABA-A22E-77707E3A6397}.Debug|Win32.Build.0 = Debug|Win32
		{102880CC-169D-4ABA-A22E-77707E3A6397}.Release|Win32.ActiveCfg = Release|Win32
		{102880CC-169D-4ABA-A22E-77707E3A6397}.Release|Win32.Build.0 = Release|Win32
	EndGlobalSection
	GlobalSection(SolutionProperties) = preSolution
		HideSolutionNode = FALSE
	EndGlobalSection
EndGlobal
