
Microsoft Visual Studio Solution File, Format Version 12.00
# Visual Studio 2012
Project("{8BC9CEB8-8B4A-11D0-8D11-00A0C91BC942}") = "matriz-01", "matriz-01\matriz-01.vcxproj", "{6DB26A15-D8C3-4807-9949-4315522B679B}"
EndProject
Global
	GlobalSection(SolutionConfigurationPlatforms) = preSolution
		Debug|Win32 = Debug|Win32
		Release|Win32 = Release|Win32
	EndGlobalSection
	GlobalSection(ProjectConfigurationPlatforms) = postSolution
		{6DB26A15-D8C3-4807-9949-4315522B679B}.Debug|Win32.ActiveCfg = Debug|Win32
		{6DB26A15-D8C3-4807-9949-4315522B679B}.Debug|Win32.Build.0 = Debug|Win32
		{6DB26A15-D8C3-4807-9949-4315522B679B}.Release|Win32.ActiveCfg = Release|Win32
		{6DB26A15-D8C3-4807-9949-4315522B679B}.Release|Win32.Build.0 = Release|Win32
	EndGlobalSection
	GlobalSection(SolutionProperties) = preSolution
		HideSolutionNode = FALSE
	EndGlobalSection
EndGlobal
