
Microsoft Visual Studio Solution File, Format Version 12.00
# Visual Studio 2012
Project("{8BC9CEB8-8B4A-11D0-8D11-00A0C91BC942}") = "matriz-multiplicacao", "matriz-multiplicacao\matriz-multiplicacao.vcxproj", "{1F50E95C-FDB8-4CE8-952A-6CAB39786C49}"
EndProject
Global
	GlobalSection(SolutionConfigurationPlatforms) = preSolution
		Debug|Win32 = Debug|Win32
		Release|Win32 = Release|Win32
	EndGlobalSection
	GlobalSection(ProjectConfigurationPlatforms) = postSolution
		{1F50E95C-FDB8-4CE8-952A-6CAB39786C49}.Debug|Win32.ActiveCfg = Debug|Win32
		{1F50E95C-FDB8-4CE8-952A-6CAB39786C49}.Debug|Win32.Build.0 = Debug|Win32
		{1F50E95C-FDB8-4CE8-952A-6CAB39786C49}.Release|Win32.ActiveCfg = Release|Win32
		{1F50E95C-FDB8-4CE8-952A-6CAB39786C49}.Release|Win32.Build.0 = Release|Win32
	EndGlobalSection
	GlobalSection(SolutionProperties) = preSolution
		HideSolutionNode = FALSE
	EndGlobalSection
EndGlobal
